// !$*UTF8*$!
{
	archiveVersion = 1;
	classes = {
	};
	objectVersion = 46;
	objects = {

/* Begin PBXBuildFile section */
		48F576CF1E87BC4A00AB991E /* AppDelegate.swift in Sources */ = {isa = PBXBuildFile; fileRef = 48F576CE1E87BC4A00AB991E /* AppDelegate.swift */; };
		48F576D41E87BC4A00AB991E /* Main.storyboard in Resources */ = {isa = PBXBuildFile; fileRef = 48F576D21E87BC4A00AB991E /* Main.storyboard */; };
		48F576D71E87BC4A00AB991E /* VK_API_Test_Project.xcdatamodeld in Sources */ = {isa = PBXBuildFile; fileRef = 48F576D51E87BC4A00AB991E /* VK_API_Test_Project.xcdatamodeld */; };
		48F576D91E87BC4A00AB991E /* Assets.xcassets in Resources */ = {isa = PBXBuildFile; fileRef = 48F576D81E87BC4A00AB991E /* Assets.xcassets */; };
		48F576DC1E87BC4A00AB991E /* LaunchScreen.storyboard in Resources */ = {isa = PBXBuildFile; fileRef = 48F576DA1E87BC4A00AB991E /* LaunchScreen.storyboard */; };
		48F576E41E87C5A500AB991E /* LoginViewController.swift in Sources */ = {isa = PBXBuildFile; fileRef = 48F576E31E87C5A500AB991E /* LoginViewController.swift */; };
		48F576E61E87C5B100AB991E /* ProfileViewController.swift in Sources */ = {isa = PBXBuildFile; fileRef = 48F576E51E87C5B100AB991E /* ProfileViewController.swift */; };
		48F576EA1E87CADC00AB991E /* VkApiManager.swift in Sources */ = {isa = PBXBuildFile; fileRef = 48F576E91E87CADC00AB991E /* VkApiManager.swift */; };
		48F576EE1E87DA2D00AB991E /* AlertsManager.swift in Sources */ = {isa = PBXBuildFile; fileRef = 48F576ED1E87DA2D00AB991E /* AlertsManager.swift */; };
		48F576F01E87DFF300AB991E /* VkSignInHandler.swift in Sources */ = {isa = PBXBuildFile; fileRef = 48F576EF1E87DFF300AB991E /* VkSignInHandler.swift */; };
		48F576F21E87E50000AB991E /* UIView+BlockUI.swift in Sources */ = {isa = PBXBuildFile; fileRef = 48F576F11E87E50000AB991E /* UIView+BlockUI.swift */; };
		48F576F61E87E83500AB991E /* User.swift in Sources */ = {isa = PBXBuildFile; fileRef = 48F576F51E87E83500AB991E /* User.swift */; };
		48F576F81E89198200AB991E /* ReachabilityManager.swift in Sources */ = {isa = PBXBuildFile; fileRef = 48F576F71E89198200AB991E /* ReachabilityManager.swift */; };
		48F576FC1E891E3D00AB991E /* UIViewController+Connection.swift in Sources */ = {isa = PBXBuildFile; fileRef = 48F576FB1E891E3D00AB991E /* UIViewController+Connection.swift */; };
		D638427D03D47BF0D7BB0FED /* Pods_VK_API_Test_Project.framework in Frameworks */ = {isa = PBXBuildFile; fileRef = DA0225A681BAD197F01207B3 /* Pods_VK_API_Test_Project.framework */; };
/* End PBXBuildFile section */

/* Begin PBXFileReference section */
		48F576CB1E87BC4A00AB991E /* VK-API-Test-Project.app */ = {isa = PBXFileReference; explicitFileType = wrapper.application; includeInIndex = 0; path = "VK-API-Test-Project.app"; sourceTree = BUILT_PRODUCTS_DIR; };
		48F576CE1E87BC4A00AB991E /* AppDelegate.swift */ = {isa = PBXFileReference; lastKnownFileType = sourcecode.swift; path = AppDelegate.swift; sourceTree = "<group>"; };
		48F576D31E87BC4A00AB991E /* Base */ = {isa = PBXFileReference; lastKnownFileType = file.storyboard; name = Base; path = Base.lproj/Main.storyboard; sourceTree = "<group>"; };
		48F576D61E87BC4A00AB991E /* VK_API_Test_Project.xcdatamodel */ = {isa = PBXFileReference; lastKnownFileType = wrapper.xcdatamodel; path = VK_API_Test_Project.xcdatamodel; sourceTree = "<group>"; };
		48F576D81E87BC4A00AB991E /* Assets.xcassets */ = {isa = PBXFileReference; lastKnownFileType = folder.assetcatalog; path = Assets.xcassets; sourceTree = "<group>"; };
		48F576DB1E87BC4A00AB991E /* Base */ = {isa = PBXFileReference; lastKnownFileType = file.storyboard; name = Base; path = Base.lproj/LaunchScreen.storyboard; sourceTree = "<group>"; };
		48F576DD1E87BC4A00AB991E /* Info.plist */ = {isa = PBXFileReference; lastKnownFileType = text.plist.xml; path = Info.plist; sourceTree = "<group>"; };
		48F576E31E87C5A500AB991E /* LoginViewController.swift */ = {isa = PBXFileReference; fileEncoding = 4; lastKnownFileType = sourcecode.swift; path = LoginViewController.swift; sourceTree = "<group>"; };
		48F576E51E87C5B100AB991E /* ProfileViewController.swift */ = {isa = PBXFileReference; fileEncoding = 4; lastKnownFileType = sourcecode.swift; path = ProfileViewController.swift; sourceTree = "<group>"; };
		48F576E91E87CADC00AB991E /* VkApiManager.swift */ = {isa = PBXFileReference; fileEncoding = 4; lastKnownFileType = sourcecode.swift; path = VkApiManager.swift; sourceTree = "<group>"; };
		48F576ED1E87DA2D00AB991E /* AlertsManager.swift */ = {isa = PBXFileReference; fileEncoding = 4; lastKnownFileType = sourcecode.swift; path = AlertsManager.swift; sourceTree = "<group>"; };
		48F576EF1E87DFF300AB991E /* VkSignInHandler.swift */ = {isa = PBXFileReference; fileEncoding = 4; lastKnownFileType = sourcecode.swift; path = VkSignInHandler.swift; sourceTree = "<group>"; };
		48F576F11E87E50000AB991E /* UIView+BlockUI.swift */ = {isa = PBXFileReference; fileEncoding = 4; lastKnownFileType = sourcecode.swift; path = "UIView+BlockUI.swift"; sourceTree = "<group>"; };
		48F576F51E87E83500AB991E /* User.swift */ = {isa = PBXFileReference; fileEncoding = 4; lastKnownFileType = sourcecode.swift; path = User.swift; sourceTree = "<group>"; };
		48F576F71E89198200AB991E /* ReachabilityManager.swift */ = {isa = PBXFileReference; fileEncoding = 4; lastKnownFileType = sourcecode.swift; path = ReachabilityManager.swift; sourceTree = "<group>"; };
		48F576FB1E891E3D00AB991E /* UIViewController+Connection.swift */ = {isa = PBXFileReference; fileEncoding = 4; lastKnownFileType = sourcecode.swift; path = "UIViewController+Connection.swift"; sourceTree = "<group>"; };
		C68E6636F29D4DE44F74CB1F /* Pods-VK-API-Test-Project.release.xcconfig */ = {isa = PBXFileReference; includeInIndex = 1; lastKnownFileType = text.xcconfig; name = "Pods-VK-API-Test-Project.release.xcconfig"; path = "Pods/Target Support Files/Pods-VK-API-Test-Project/Pods-VK-API-Test-Project.release.xcconfig"; sourceTree = "<group>"; };
		DA0225A681BAD197F01207B3 /* Pods_VK_API_Test_Project.framework */ = {isa = PBXFileReference; explicitFileType = wrapper.framework; includeInIndex = 0; path = Pods_VK_API_Test_Project.framework; sourceTree = BUILT_PRODUCTS_DIR; };
		F49F7EB0552373CE9579B8DC /* Pods-VK-API-Test-Project.debug.xcconfig */ = {isa = PBXFileReference; includeInIndex = 1; lastKnownFileType = text.xcconfig; name = "Pods-VK-API-Test-Project.debug.xcconfig"; path = "Pods/Target Support Files/Pods-VK-API-Test-Project/Pods-VK-API-Test-Project.debug.xcconfig"; sourceTree = "<group>"; };
/* End PBXFileReference section */

/* Begin PBXFrameworksBuildPhase section */
		48F576C81E87BC4A00AB991E /* Frameworks */ = {
			isa = PBXFrameworksBuildPhase;
			buildActionMask = 2147483647;
			files = (
				D638427D03D47BF0D7BB0FED /* Pods_VK_API_Test_Project.framework in Frameworks */,
			);
			runOnlyForDeploymentPostprocessing = 0;
		};
/* End PBXFrameworksBuildPhase section */

/* Begin PBXGroup section */
		19378DE707859B8663C7DB04 /* Frameworks */ = {
			isa = PBXGroup;
			children = (
				DA0225A681BAD197F01207B3 /* Pods_VK_API_Test_Project.framework */,
			);
			name = Frameworks;
			sourceTree = "<group>";
		};
		48F576C21E87BC4A00AB991E = {
			isa = PBXGroup;
			children = (
				48F576CD1E87BC4A00AB991E /* VK-API-Test-Project */,
				48F576CC1E87BC4A00AB991E /* Products */,
				866B9AC863009B320A2DFACA /* Pods */,
				19378DE707859B8663C7DB04 /* Frameworks */,
				48F576D51E87BC4A00AB991E /* VK_API_Test_Project.xcdatamodeld */,
			);
			sourceTree = "<group>";
		};
		48F576CC1E87BC4A00AB991E /* Products */ = {
			isa = PBXGroup;
			children = (
				48F576CB1E87BC4A00AB991E /* VK-API-Test-Project.app */,
			);
			name = Products;
			sourceTree = "<group>";
		};
		48F576CD1E87BC4A00AB991E /* VK-API-Test-Project */ = {
			isa = PBXGroup;
			children = (
				48F576F41E87E69C00AB991E /* Extensions */,
				48F576F31E87E68500AB991E /* Managers */,
				48F576D21E87BC4A00AB991E /* Main.storyboard */,
				48F576E31E87C5A500AB991E /* LoginViewController.swift */,
				48F576F51E87E83500AB991E /* User.swift */,
				48F576FB1E891E3D00AB991E /* UIViewController+Connection.swift */,
				48F576E51E87C5B100AB991E /* ProfileViewController.swift */,
				48F576F71E89198200AB991E /* ReachabilityManager.swift */,
				48F576DD1E87BC4A00AB991E /* Info.plist */,
				48F576D81E87BC4A00AB991E /* Assets.xcassets */,
				48F576CE1E87BC4A00AB991E /* AppDelegate.swift */,
				48F576DA1E87BC4A00AB991E /* LaunchScreen.storyboard */,
			);
			path = "VK-API-Test-Project";
			sourceTree = "<group>";
		};
		48F576F31E87E68500AB991E /* Managers */ = {
			isa = PBXGroup;
			children = (
				48F576ED1E87DA2D00AB991E /* AlertsManager.swift */,
				48F576EF1E87DFF300AB991E /* VkSignInHandler.swift */,
				48F576E91E87CADC00AB991E /* VkApiManager.swift */,
			);
			name = Managers;
			sourceTree = "<group>";
		};
		48F576F41E87E69C00AB991E /* Extensions */ = {
			isa = PBXGroup;
			children = (
				48F576F11E87E50000AB991E /* UIView+BlockUI.swift */,
			);
			name = Extensions;
			sourceTree = "<group>";
		};
		866B9AC863009B320A2DFACA /* Pods */ = {
			isa = PBXGroup;
			children = (
				F49F7EB0552373CE9579B8DC /* Pods-VK-API-Test-Project.debug.xcconfig */,
				C68E6636F29D4DE44F74CB1F /* Pods-VK-API-Test-Project.release.xcconfig */,
			);
			name = Pods;
			sourceTree = "<group>";
		};
/* End PBXGroup section */

/* Begin PBXNativeTarget section */
		48F576CA1E87BC4A00AB991E /* VK-API-Test-Project */ = {
			isa = PBXNativeTarget;
			buildConfigurationList = 48F576E01E87BC4A00AB991E /* Build configuration list for PBXNativeTarget "VK-API-Test-Project" */;
			buildPhases = (
				431D9EF6811428F951B5D9DA /* [CP] Check Pods Manifest.lock */,
				48F576C71E87BC4A00AB991E /* Sources */,
				48F576C81E87BC4A00AB991E /* Frameworks */,
				48F576C91E87BC4A00AB991E /* Resources */,
				9A686B223FAD7900A4EDEE92 /* [CP] Embed Pods Frameworks */,
				DC37E21830015EB6B56F69CB /* [CP] Copy Pods Resources */,
			);
			buildRules = (
			);
			dependencies = (
			);
			name = "VK-API-Test-Project";
			productName = "VK-API-Test-Project";
			productReference = 48F576CB1E87BC4A00AB991E /* VK-API-Test-Project.app */;
			productType = "com.apple.product-type.application";
		};
/* End PBXNativeTarget section */

/* Begin PBXProject section */
		48F576C31E87BC4A00AB991E /* Project object */ = {
			isa = PBXProject;
			attributes = {
				LastSwiftUpdateCheck = 0820;
				LastUpgradeCheck = 0820;
				ORGANIZATIONNAME = "Yuri Chukhlib";
				TargetAttributes = {
					48F576CA1E87BC4A00AB991E = {
						CreatedOnToolsVersion = 8.2.1;
						DevelopmentTeam = P9QAW5XHCR;
						ProvisioningStyle = Automatic;
					};
				};
			};
			buildConfigurationList = 48F576C61E87BC4A00AB991E /* Build configuration list for PBXProject "VK-API-Test-Project" */;
			compatibilityVersion = "Xcode 3.2";
			developmentRegion = English;
			hasScannedForEncodings = 0;
			knownRegions = (
				en,
				Base,
			);
			mainGroup = 48F576C21E87BC4A00AB991E;
			productRefGroup = 48F576CC1E87BC4A00AB991E /* Products */;
			projectDirPath = "";
			projectRoot = "";
			targets = (
				48F576CA1E87BC4A00AB991E /* VK-API-Test-Project */,
			);
		};
/* End PBXProject section */

/* Begin PBXResourcesBuildPhase section */
		48F576C91E87BC4A00AB991E /* Resources */ = {
			isa = PBXResourcesBuildPhase;
			buildActionMask = 2147483647;
			files = (
				48F576DC1E87BC4A00AB991E /* LaunchScreen.storyboard in Resources */,
				48F576D91E87BC4A00AB991E /* Assets.xcassets in Resources */,
				48F576D41E87BC4A00AB991E /* Main.storyboard in Resources */,
			);
			runOnlyForDeploymentPostprocessing = 0;
		};
/* End PBXResourcesBuildPhase section */

/* Begin PBXShellScriptBuildPhase section */
		431D9EF6811428F951B5D9DA /* [CP] Check Pods Manifest.lock */ = {
			isa = PBXShellScriptBuildPhase;
			buildActionMask = 2147483647;
			files = (
			);
			inputPaths = (
			);
			name = "[CP] Check Pods Manifest.lock";
			outputPaths = (
			);
			runOnlyForDeploymentPostprocessing = 0;
			shellPath = /bin/sh;
			shellScript = "diff \"${PODS_ROOT}/../Podfile.lock\" \"${PODS_ROOT}/Manifest.lock\" > /dev/null\nif [ $? != 0 ] ; then\n    # print error to STDERR\n    echo \"error: The sandbox is not in sync with the Podfile.lock. Run 'pod install' or update your CocoaPods installation.\" >&2\n    exit 1\nfi\n";
			showEnvVarsInLog = 0;
		};
		9A686B223FAD7900A4EDEE92 /* [CP] Embed Pods Frameworks */ = {
			isa = PBXShellScriptBuildPhase;
			buildActionMask = 2147483647;
			files = (
			);
			inputPaths = (
			);
			name = "[CP] Embed Pods Frameworks";
			outputPaths = (
			);
			runOnlyForDeploymentPostprocessing = 0;
			shellPath = /bin/sh;
			shellScript = "\"${SRCROOT}/Pods/Target Support Files/Pods-VK-API-Test-Project/Pods-VK-API-Test-Project-frameworks.sh\"\n";
			showEnvVarsInLog = 0;
		};
		DC37E21830015EB6B56F69CB /* [CP] Copy Pods Resources */ = {
			isa = PBXShellScriptBuildPhase;
			buildActionMask = 2147483647;
			files = (
			);
			inputPaths = (
			);
			name = "[CP] Copy Pods Resources";
			outputPaths = (
			);
			runOnlyForDeploymentPostprocessing = 0;
			shellPath = /bin/sh;
			shellScript = "\"${SRCROOT}/Pods/Target Support Files/Pods-VK-API-Test-Project/Pods-VK-API-Test-Project-resources.sh\"\n";
			showEnvVarsInLog = 0;
		};
/* End PBXShellScriptBuildPhase section */

/* Begin PBXSourcesBuildPhase section */
		48F576C71E87BC4A00AB991E /* Sources */ = {
			isa = PBXSourcesBuildPhase;
			buildActionMask = 2147483647;
			files = (
				48F576EA1E87CADC00AB991E /* VkApiManager.swift in Sources */,
				48F576F01E87DFF300AB991E /* VkSignInHandler.swift in Sources */,
				48F576E41E87C5A500AB991E /* LoginViewController.swift in Sources */,
				48F576CF1E87BC4A00AB991E /* AppDelegate.swift in Sources */,
				48F576F81E89198200AB991E /* ReachabilityManager.swift in Sources */,
				48F576F21E87E50000AB991E /* UIView+BlockUI.swift in Sources */,
				48F576FC1E891E3D00AB991E /* UIViewController+Connection.swift in Sources */,
				48F576F61E87E83500AB991E /* User.swift in Sources */,
				48F576E61E87C5B100AB991E /* ProfileViewController.swift in Sources */,
				48F576EE1E87DA2D00AB991E /* AlertsManager.swift in Sources */,
				48F576D71E87BC4A00AB991E /* VK_API_Test_Project.xcdatamodeld in Sources */,
			);
			runOnlyForDeploymentPostprocessing = 0;
		};
/* End PBXSourcesBuildPhase section */

/* Begin PBXVariantGroup section */
		48F576D21E87BC4A00AB991E /* Main.storyboard */ = {
			isa = PBXVariantGroup;
			children = (
				48F576D31E87BC4A00AB991E /* Base */,
			);
			name = Main.storyboard;
			sourceTree = "<group>";
		};
		48F576DA1E87BC4A00AB991E /* LaunchScreen.storyboard */ = {
			isa = PBXVariantGroup;
			children = (
				48F576DB1E87BC4A00AB991E /* Base */,
			);
			name = LaunchScreen.storyboard;
			sourceTree = "<group>";
		};
/* End PBXVariantGroup section */

/* Begin XCBuildConfiguration section */
		48F576DE1E87BC4A00AB991E /* Debug */ = {
			isa = XCBuildConfiguration;
			buildSettings = {
				ALWAYS_SEARCH_USER_PATHS = NO;
				CLANG_ANALYZER_NONNULL = YES;
				CLANG_CXX_LANGUAGE_STANDARD = "gnu++0x";
				CLANG_CXX_LIBRARY = "libc++";
				CLANG_ENABLE_MODULES = YES;
				CLANG_ENABLE_OBJC_ARC = YES;
				CLANG_WARN_BOOL_CONVERSION = YES;
				CLANG_WARN_CONSTANT_CONVERSION = YES;
				CLANG_WARN_DIRECT_OBJC_ISA_USAGE = YES_ERROR;
				CLANG_WARN_DOCUMENTATION_COMMENTS = YES;
				CLANG_WARN_EMPTY_BODY = YES;
				CLANG_WARN_ENUM_CONVERSION = YES;
				CLANG_WARN_INFINITE_RECURSION = YES;
				CLANG_WARN_INT_CONVERSION = YES;
				CLANG_WARN_OBJC_ROOT_CLASS = YES_ERROR;
				CLANG_WARN_SUSPICIOUS_MOVE = YES;
				CLANG_WARN_UNREACHABLE_CODE = YES;
				CLANG_WARN__DUPLICATE_METHOD_MATCH = YES;
				"CODE_SIGN_IDENTITY[sdk=iphoneos*]" = "iPhone Developer";
				COPY_PHASE_STRIP = NO;
				DEBUG_INFORMATION_FORMAT = dwarf;
				ENABLE_STRICT_OBJC_MSGSEND = YES;
				ENABLE_TESTABILITY = YES;
				GCC_C_LANGUAGE_STANDARD = gnu99;
				GCC_DYNAMIC_NO_PIC = NO;
				GCC_NO_COMMON_BLOCKS = YES;
				GCC_OPTIMIZATION_LEVEL = 0;
				GCC_PREPROCESSOR_DEFINITIONS = (
					"DEBUG=1",
					"$(inherited)",
				);
				GCC_WARN_64_TO_32_BIT_CONVERSION = YES;
				GCC_WARN_ABOUT_RETURN_TYPE = YES_ERROR;
				GCC_WARN_UNDECLARED_SELECTOR = YES;
				GCC_WARN_UNINITIALIZED_AUTOS = YES_AGGRESSIVE;
				GCC_WARN_UNUSED_FUNCTION = YES;
				GCC_WARN_UNUSED_VARIABLE = YES;
				IPHONEOS_DEPLOYMENT_TARGET = 10.2;
				MTL_ENABLE_DEBUG_INFO = YES;
				ONLY_ACTIVE_ARCH = YES;
				SDKROOT = iphoneos;
				SWIFT_ACTIVE_COMPILATION_CONDITIONS = DEBUG;
				SWIFT_OPTIMIZATION_LEVEL = "-Onone";
				TARGETED_DEVICE_FAMILY = "1,2";
			};
			name = Debug;
		};
		48F576DF1E87BC4A00AB991E /* Release */ = {
			isa = XCBuildConfiguration;
			buildSettings = {
				ALWAYS_SEARCH_USER_PATHS = NO;
				CLANG_ANALYZER_NONNULL = YES;
				CLANG_CXX_LANGUAGE_STANDARD = "gnu++0x";
				CLANG_CXX_LIBRARY = "libc++";
				CLANG_ENABLE_MODULES = YES;
				CLANG_ENABLE_OBJC_ARC = YES;
				CLANG_WARN_BOOL_CONVERSION = YES;
				CLANG_WARN_CONSTANT_CONVERSION = YES;
				CLANG_WARN_DIRECT_OBJC_ISA_USAGE = YES_ERROR;
				CLANG_WARN_DOCUMENTATION_COMMENTS = YES;
				CLANG_WARN_EMPTY_BODY = YES;
				CLANG_WARN_ENUM_CONVERSION = YES;
				CLANG_WARN_INFINITE_RECURSION = YES;
				CLANG_WARN_INT_CONVERSION = YES;
				CLANG_WARN_OBJC_ROOT_CLASS = YES_ERROR;
				CLANG_WARN_SUSPICIOUS_MOVE = YES;
				CLANG_WARN_UNREACHABLE_CODE = YES;
				CLANG_WARN__DUPLICATE_METHOD_MATCH = YES;
				"CODE_SIGN_IDENTITY[sdk=iphoneos*]" = "iPhone Developer";
				COPY_PHASE_STRIP = NO;
				DEBUG_INFORMATION_FORMAT = "dwarf-with-dsym";
				ENABLE_NS_ASSERTIONS = NO;
				ENABLE_STRICT_OBJC_MSGSEND = YES;
				GCC_C_LANGUAGE_STANDARD = gnu99;
				GCC_NO_COMMON_BLOCKS = YES;
				GCC_WARN_64_TO_32_BIT_CONVERSION = YES;
				GCC_WARN_ABOUT_RETURN_TYPE = YES_ERROR;
				GCC_WARN_UNDECLARED_SELECTOR = YES;
				GCC_WARN_UNINITIALIZED_AUTOS = YES_AGGRESSIVE;
				GCC_WARN_UNUSED_FUNCTION = YES;
				GCC_WARN_UNUSED_VARIABLE = YES;
				IPHONEOS_DEPLOYMENT_TARGET = 10.2;
				MTL_ENABLE_DEBUG_INFO = NO;
				SDKROOT = iphoneos;
				SWIFT_OPTIMIZATION_LEVEL = "-Owholemodule";
				TARGETED_DEVICE_FAMILY = "1,2";
				VALIDATE_PRODUCT = YES;
			};
			name = Release;
		};
		48F576E11E87BC4A00AB991E /* Debug */ = {
			isa = XCBuildConfiguration;
			baseConfigurationReference = F49F7EB0552373CE9579B8DC /* Pods-VK-API-Test-Project.debug.xcconfig */;
			buildSettings = {
				ASSETCATALOG_COMPILER_APPICON_NAME = AppIcon;
				DEVELOPMENT_TEAM = P9QAW5XHCR;
				INFOPLIST_FILE = "VK-API-Test-Project/Info.plist";
				LD_RUNPATH_SEARCH_PATHS = "$(inherited) @executable_path/Frameworks";
				PRODUCT_BUNDLE_IDENTIFIER = "D4.VK-API-Test-Project";
				PRODUCT_NAME = "$(TARGET_NAME)";
				SWIFT_VERSION = 3.0;
			};
			name = Debug;
		};
		48F576E21E87BC4A00AB991E /* Release */ = {
			isa = XCBuildConfiguration;
			baseConfigurationReference = C68E6636F29D4DE44F74CB1F /* Pods-VK-API-Test-Project.release.xcconfig */;
			buildSettings = {
				ASSETCATALOG_COMPILER_APPICON_NAME = AppIcon;
				DEVELOPMENT_TEAM = P9QAW5XHCR;
				INFOPLIST_FILE = "VK-API-Test-Project/Info.plist";
				LD_RUNPATH_SEARCH_PATHS = "$(inherited) @executable_path/Frameworks";
				PRODUCT_BUNDLE_IDENTIFIER = "D4.VK-API-Test-Project";
				PRODUCT_NAME = "$(TARGET_NAME)";
				SWIFT_VERSION = 3.0;
			};
			name = Release;
		};
/* End XCBuildConfiguration section */

/* Begin XCConfigurationList section */
		48F576C61E87BC4A00AB991E /* Build configuration list for PBXProject "VK-API-Test-Project" */ = {
			isa = XCConfigurationList;
			buildConfigurations = (
				48F576DE1E87BC4A00AB991E /* Debug */,
				48F576DF1E87BC4A00AB991E /* Release */,
			);
			defaultConfigurationIsVisible = 0;
			defaultConfigurationName = Release;
		};
		48F576E01E87BC4A00AB991E /* Build configuration list for PBXNativeTarget "VK-API-Test-Project" */ = {
			isa = XCConfigurationList;
			buildConfigurations = (
				48F576E11E87BC4A00AB991E /* Debug */,
				48F576E21E87BC4A00AB991E /* Release */,
			);
			defaultConfigurationIsVisible = 0;
			defaultConfigurationName = Release;
		};
/* End XCConfigurationList section */

/* Begin XCVersionGroup section */
		48F576D51E87BC4A00AB991E /* VK_API_Test_Project.xcdatamodeld */ = {
			isa = XCVersionGroup;
			children = (
				48F576D61E87BC4A00AB991E /* VK_API_Test_Project.xcdatamodel */,
			);
			currentVersion = 48F576D61E87BC4A00AB991E /* VK_API_Test_Project.xcdatamodel */;
			name = VK_API_Test_Project.xcdatamodeld;
			path = "VK-API-Test-Project/VK_API_Test_Project.xcdatamodeld";
			sourceTree = "<group>";
			versionGroupType = wrapper.xcdatamodel;
		};
/* End XCVersionGroup section */
	};
	rootObject = 48F576C31E87BC4A00AB991E /* Project object */;
}
